{
  "name": "social_media_managing",
  "lockfileVersion": 3,
  "requires": true,
  "packages": {
    "": {
      "dependencies": {
        "@vercel/python": "^5.0.7"
      }
    },
    "node_modules/@vercel/python": {
      "version": "5.0.7",
      "resolved": "https://registry.npmjs.org/@vercel/python/-/python-5.0.7.tgz",
      "integrity": "sha512-hswxQErqha3aLxPqdisPEN2WpN422OMbxK1O2DA8saPi1opRh1SjD9kFaPu74iY9H0lIjN+evQpBVeCFmn6n2g==",
      "license": "Apache-2.0"
    }
  }
}
